
Microsoft Visual Studio Solution File, Format Version 12.00
# Visual Studio 14
VisualStudioVersion = 14.0.25123.0
MinimumVisualStudioVersion = 10.0.40219.1
Project("{FAE04EC0-301F-11D3-BF4B-00C04F79EFBC}") = "Lesson3", "Lesson3\Lesson3.csproj", "{DF729D7D-119E-4AB1-BF9E-3A144B773BF3}"
EndProject
Project("{FAE04EC0-301F-11D3-BF4B-00C04F79EFBC}") = "InlineParam", "InlineParam\InlineParam.csproj", "{63A8E8CC-D955-4CB3-9267-E97C6C083EE9}"
EndProject
Project("{FAE04EC0-301F-11D3-BF4B-00C04F79EFBC}") = "Task1", "Task1\Task1.csproj", "{A07D3E47-62B7-43EB-B85F-687F4186891C}"
EndProject
Project("{FAE04EC0-301F-11D3-BF4B-00C04F79EFBC}") = "Task2", "Task2\Task2.csproj", "{CCE04DBC-B128-460A-958E-10C1DE4DD3DF}"
EndProject
Project("{FAE04EC0-301F-11D3-BF4B-00C04F79EFBC}") = "Task3", "Task3\Task3.csproj", "{42E73871-6F04-4AAD-BF21-A6757C848A1F}"
EndProject
Project("{FAE04EC0-301F-11D3-BF4B-00C04F79EFBC}") = "Task4", "Task4\Task4.csproj", "{23BFF462-0311-49CE-97C9-E336E6FFD7BC}"
EndProject
Project("{FAE04EC0-301F-11D3-BF4B-00C04F79EFBC}") = "Task5", "Task5\Task5.csproj", "{DFF73A17-ED56-4177-8788-2CF4295D9F15}"
EndProject
Project("{FAE04EC0-301F-11D3-BF4B-00C04F79EFBC}") = "Task6", "Task6\Task6.csproj", "{3590A401-2526-47B8-9542-85A181836148}"
EndProject
Project("{FAE04EC0-301F-11D3-BF4B-00C04F79EFBC}") = "Task7", "Task7\Task7.csproj", "{20118911-F81D-4742-AB68-967611C79C4E}"
EndProject
Project("{FAE04EC0-301F-11D3-BF4B-00C04F79EFBC}") = "Task8", "Task8\Task8.csproj", "{2B18BA40-CAE3-4EE7-9DD3-7FF62CFECA42}"
EndProject
Project("{FAE04EC0-301F-11D3-BF4B-00C04F79EFBC}") = "Task9", "Task9\Task9.csproj", "{1B5E077D-5199-4CD6-B572-7F463079A7EC}"
EndProject
Project("{FAE04EC0-301F-11D3-BF4B-00C04F79EFBC}") = "Task10", "Task10\Task10.csproj", "{0D8B1F0F-13D5-4D6B-83C9-36C84F5A7CF7}"
EndProject
Project("{FAE04EC0-301F-11D3-BF4B-00C04F79EFBC}") = "Task11", "Task11\Task11.csproj", "{EE59ACC5-41F3-4663-A29C-1A54C024261B}"
EndProject
Project("{FAE04EC0-301F-11D3-BF4B-00C04F79EFBC}") = "Task12", "Task12\Task12.csproj", "{57E82FFF-1E29-4ACB-8A04-880BDCDC40B7}"
EndProject
Project("{FAE04EC0-301F-11D3-BF4B-00C04F79EFBC}") = "Task13", "Task13\Task13.csproj", "{645F645A-2FE0-4804-9A54-CC748A30F0B6}"
EndProject
Project("{FAE04EC0-301F-11D3-BF4B-00C04F79EFBC}") = "Task14", "Task14\Task14.csproj", "{C79B06FC-1D74-4A02-AACD-AFCD1374B728}"
EndProject
Project("{FAE04EC0-301F-11D3-BF4B-00C04F79EFBC}") = "Task15", "Task15\Task15.csproj", "{50F94509-18B9-4566-9AB6-6AA85CA6DE1C}"
EndProject
Project("{FAE04EC0-301F-11D3-BF4B-00C04F79EFBC}") = "Task16", "Task16\Task16.csproj", "{42BA3568-AE47-433F-B102-BD43091B47BE}"
EndProject
Project("{FAE04EC0-301F-11D3-BF4B-00C04F79EFBC}") = "Task17", "Task17\Task17.csproj", "{8872EF9E-01AF-4114-B63F-561B71E7D371}"
EndProject
Global
	GlobalSection(SolutionConfigurationPlatforms) = preSolution
		Debug|Any CPU = Debug|Any CPU
		Release|Any CPU = Release|Any CPU
	EndGlobalSection
	GlobalSection(ProjectConfigurationPlatforms) = postSolution
		{DF729D7D-119E-4AB1-BF9E-3A144B773BF3}.Debug|Any CPU.ActiveCfg = Debug|Any CPU
		{DF729D7D-119E-4AB1-BF9E-3A144B773BF3}.Debug|Any CPU.Build.0 = Debug|Any CPU
		{DF729D7D-119E-4AB1-BF9E-3A144B773BF3}.Release|Any CPU.ActiveCfg = Release|Any CPU
		{DF729D7D-119E-4AB1-BF9E-3A144B773BF3}.Release|Any CPU.Build.0 = Release|Any CPU
		{63A8E8CC-D955-4CB3-9267-E97C6C083EE9}.Debug|Any CPU.ActiveCfg = Debug|Any CPU
		{63A8E8CC-D955-4CB3-9267-E97C6C083EE9}.Debug|Any CPU.Build.0 = Debug|Any CPU
		{63A8E8CC-D955-4CB3-9267-E97C6C083EE9}.Release|Any CPU.ActiveCfg = Release|Any CPU
		{63A8E8CC-D955-4CB3-9267-E97C6C083EE9}.Release|Any CPU.Build.0 = Release|Any CPU
		{A07D3E47-62B7-43EB-B85F-687F4186891C}.Debug|Any CPU.ActiveCfg = Debug|Any CPU
		{A07D3E47-62B7-43EB-B85F-687F4186891C}.Debug|Any CPU.Build.0 = Debug|Any CPU
		{A07D3E47-62B7-43EB-B85F-687F4186891C}.Release|Any CPU.ActiveCfg = Release|Any CPU
		{A07D3E47-62B7-43EB-B85F-687F4186891C}.Release|Any CPU.Build.0 = Release|Any CPU
		{CCE04DBC-B128-460A-958E-10C1DE4DD3DF}.Debug|Any CPU.ActiveCfg = Debug|Any CPU
		{CCE04DBC-B128-460A-958E-10C1DE4DD3DF}.Debug|Any CPU.Build.0 = Debug|Any CPU
		{CCE04DBC-B128-460A-958E-10C1DE4DD3DF}.Release|Any CPU.ActiveCfg = Release|Any CPU
		{CCE04DBC-B128-460A-958E-10C1DE4DD3DF}.Release|Any CPU.Build.0 = Release|Any CPU
		{42E73871-6F04-4AAD-BF21-A6757C848A1F}.Debug|Any CPU.ActiveCfg = Debug|Any CPU
		{42E73871-6F04-4AAD-BF21-A6757C848A1F}.Debug|Any CPU.Build.0 = Debug|Any CPU
		{42E73871-6F04-4AAD-BF21-A6757C848A1F}.Release|Any CPU.ActiveCfg = Release|Any CPU
		{42E73871-6F04-4AAD-BF21-A6757C848A1F}.Release|Any CPU.Build.0 = Release|Any CPU
		{23BFF462-0311-49CE-97C9-E336E6FFD7BC}.Debug|Any CPU.ActiveCfg = Debug|Any CPU
		{23BFF462-0311-49CE-97C9-E336E6FFD7BC}.Debug|Any CPU.Build.0 = Debug|Any CPU
		{23BFF462-0311-49CE-97C9-E336E6FFD7BC}.Release|Any CPU.ActiveCfg = Release|Any CPU
		{23BFF462-0311-49CE-97C9-E336E6FFD7BC}.Release|Any CPU.Build.0 = Release|Any CPU
		{DFF73A17-ED56-4177-8788-2CF4295D9F15}.Debug|Any CPU.ActiveCfg = Debug|Any CPU
		{DFF73A17-ED56-4177-8788-2CF4295D9F15}.Debug|Any CPU.Build.0 = Debug|Any CPU
		{DFF73A17-ED56-4177-8788-2CF4295D9F15}.Release|Any CPU.ActiveCfg = Release|Any CPU
		{DFF73A17-ED56-4177-8788-2CF4295D9F15}.Release|Any CPU.Build.0 = Release|Any CPU
		{3590A401-2526-47B8-9542-85A181836148}.Debug|Any CPU.ActiveCfg = Debug|Any CPU
		{3590A401-2526-47B8-9542-85A181836148}.Debug|Any CPU.Build.0 = Debug|Any CPU
		{3590A401-2526-47B8-9542-85A181836148}.Release|Any CPU.ActiveCfg = Release|Any CPU
		{3590A401-2526-47B8-9542-85A181836148}.Release|Any CPU.Build.0 = Release|Any CPU
		{20118911-F81D-4742-AB68-967611C79C4E}.Debug|Any CPU.ActiveCfg = Debug|Any CPU
		{20118911-F81D-4742-AB68-967611C79C4E}.Debug|Any CPU.Build.0 = Debug|Any CPU
		{20118911-F81D-4742-AB68-967611C79C4E}.Release|Any CPU.ActiveCfg = Release|Any CPU
		{20118911-F81D-4742-AB68-967611C79C4E}.Release|Any CPU.Build.0 = Release|Any CPU
		{2B18BA40-CAE3-4EE7-9DD3-7FF62CFECA42}.Debug|Any CPU.ActiveCfg = Debug|Any CPU
		{2B18BA40-CAE3-4EE7-9DD3-7FF62CFECA42}.Debug|Any CPU.Build.0 = Debug|Any CPU
		{2B18BA40-CAE3-4EE7-9DD3-7FF62CFECA42}.Release|Any CPU.ActiveCfg = Release|Any CPU
		{2B18BA40-CAE3-4EE7-9DD3-7FF62CFECA42}.Release|Any CPU.Build.0 = Release|Any CPU
		{1B5E077D-5199-4CD6-B572-7F463079A7EC}.Debug|Any CPU.ActiveCfg = Debug|Any CPU
		{1B5E077D-5199-4CD6-B572-7F463079A7EC}.Debug|Any CPU.Build.0 = Debug|Any CPU
		{1B5E077D-5199-4CD6-B572-7F463079A7EC}.Release|Any CPU.ActiveCfg = Release|Any CPU
		{1B5E077D-5199-4CD6-B572-7F463079A7EC}.Release|Any CPU.Build.0 = Release|Any CPU
		{0D8B1F0F-13D5-4D6B-83C9-36C84F5A7CF7}.Debug|Any CPU.ActiveCfg = Debug|Any CPU
		{0D8B1F0F-13D5-4D6B-83C9-36C84F5A7CF7}.Debug|Any CPU.Build.0 = Debug|Any CPU
		{0D8B1F0F-13D5-4D6B-83C9-36C84F5A7CF7}.Release|Any CPU.ActiveCfg = Release|Any CPU
		{0D8B1F0F-13D5-4D6B-83C9-36C84F5A7CF7}.Release|Any CPU.Build.0 = Release|Any CPU
		{EE59ACC5-41F3-4663-A29C-1A54C024261B}.Debug|Any CPU.ActiveCfg = Debug|Any CPU
		{EE59ACC5-41F3-4663-A29C-1A54C024261B}.Debug|Any CPU.Build.0 = Debug|Any CPU
		{EE59ACC5-41F3-4663-A29C-1A54C024261B}.Release|Any CPU.ActiveCfg = Release|Any CPU
		{EE59ACC5-41F3-4663-A29C-1A54C024261B}.Release|Any CPU.Build.0 = Release|Any CPU
		{57E82FFF-1E29-4ACB-8A04-880BDCDC40B7}.Debug|Any CPU.ActiveCfg = Debug|Any CPU
		{57E82FFF-1E29-4ACB-8A04-880BDCDC40B7}.Debug|Any CPU.Build.0 = Debug|Any CPU
		{57E82FFF-1E29-4ACB-8A04-880BDCDC40B7}.Release|Any CPU.ActiveCfg = Release|Any CPU
		{57E82FFF-1E29-4ACB-8A04-880BDCDC40B7}.Release|Any CPU.Build.0 = Release|Any CPU
		{645F645A-2FE0-4804-9A54-CC748A30F0B6}.Debug|Any CPU.ActiveCfg = Debug|Any CPU
		{645F645A-2FE0-4804-9A54-CC748A30F0B6}.Debug|Any CPU.Build.0 = Debug|Any CPU
		{645F645A-2FE0-4804-9A54-CC748A30F0B6}.Release|Any CPU.ActiveCfg = Release|Any CPU
		{645F645A-2FE0-4804-9A54-CC748A30F0B6}.Release|Any CPU.Build.0 = Release|Any CPU
		{C79B06FC-1D74-4A02-AACD-AFCD1374B728}.Debug|Any CPU.ActiveCfg = Debug|Any CPU
		{C79B06FC-1D74-4A02-AACD-AFCD1374B728}.Debug|Any CPU.Build.0 = Debug|Any CPU
		{C79B06FC-1D74-4A02-AACD-AFCD1374B728}.Release|Any CPU.ActiveCfg = Release|Any CPU
		{C79B06FC-1D74-4A02-AACD-AFCD1374B728}.Release|Any CPU.Build.0 = Release|Any CPU
		{50F94509-18B9-4566-9AB6-6AA85CA6DE1C}.Debug|Any CPU.ActiveCfg = Debug|Any CPU
		{50F94509-18B9-4566-9AB6-6AA85CA6DE1C}.Debug|Any CPU.Build.0 = Debug|Any CPU
		{50F94509-18B9-4566-9AB6-6AA85CA6DE1C}.Release|Any CPU.ActiveCfg = Release|Any CPU
		{50F94509-18B9-4566-9AB6-6AA85CA6DE1C}.Release|Any CPU.Build.0 = Release|Any CPU
		{42BA3568-AE47-433F-B102-BD43091B47BE}.Debug|Any CPU.ActiveCfg = Debug|Any CPU
		{42BA3568-AE47-433F-B102-BD43091B47BE}.Debug|Any CPU.Build.0 = Debug|Any CPU
		{42BA3568-AE47-433F-B102-BD43091B47BE}.Release|Any CPU.ActiveCfg = Release|Any CPU
		{42BA3568-AE47-433F-B102-BD43091B47BE}.Release|Any CPU.Build.0 = Release|Any CPU
		{8872EF9E-01AF-4114-B63F-561B71E7D371}.Debug|Any CPU.ActiveCfg = Debug|Any CPU
		{8872EF9E-01AF-4114-B63F-561B71E7D371}.Debug|Any CPU.Build.0 = Debug|Any CPU
		{8872EF9E-01AF-4114-B63F-561B71E7D371}.Release|Any CPU.ActiveCfg = Release|Any CPU
		{8872EF9E-01AF-4114-B63F-561B71E7D371}.Release|Any CPU.Build.0 = Release|Any CPU
	EndGlobalSection
	GlobalSection(SolutionProperties) = preSolution
		HideSolutionNode = FALSE
	EndGlobalSection
EndGlobal
