
Microsoft Visual Studio Solution File, Format Version 12.00
# Visual Studio 14
VisualStudioVersion = 14.0.25123.0
MinimumVisualStudioVersion = 10.0.40219.1
Project("{FAE04EC0-301F-11D3-BF4B-00C04F79EFBC}") = "Task1", "Task1\Task1.csproj", "{10EB4FAD-97A1-4AD2-A982-AB7C7D9AF548}"
EndProject
Project("{FAE04EC0-301F-11D3-BF4B-00C04F79EFBC}") = "Task2", "Task2\Task2.csproj", "{B527AB23-B814-4E86-A52E-5B86DE0F3AD1}"
EndProject
Project("{FAE04EC0-301F-11D3-BF4B-00C04F79EFBC}") = "Task3", "Task3\Task3.csproj", "{2B968573-C25D-4DA1-8A06-3029CC830B54}"
EndProject
Project("{FAE04EC0-301F-11D3-BF4B-00C04F79EFBC}") = "Task4", "Task4\Task4.csproj", "{165F280B-431C-4445-924C-D9AA39305C46}"
EndProject
Project("{FAE04EC0-301F-11D3-BF4B-00C04F79EFBC}") = "Task5", "Task5\Task5.csproj", "{113D4DE4-662C-47AE-9036-5EC500518CAE}"
EndProject
Project("{FAE04EC0-301F-11D3-BF4B-00C04F79EFBC}") = "Task6", "Task6\Task6.csproj", "{23BF69FC-DC81-4D52-80E1-187756CF01B2}"
EndProject
Project("{FAE04EC0-301F-11D3-BF4B-00C04F79EFBC}") = "Task7", "Task7\Task7.csproj", "{6FC1A3F0-0FA4-4C19-B2DB-2DE741311755}"
EndProject
Project("{FAE04EC0-301F-11D3-BF4B-00C04F79EFBC}") = "Task8", "Task8\Task8.csproj", "{F4DF44A3-BF8E-4E9F-9D79-4295356030D3}"
EndProject
Project("{FAE04EC0-301F-11D3-BF4B-00C04F79EFBC}") = "Task9", "Task9\Task9.csproj", "{7C794FFC-0956-47EE-835A-FC588B1EE274}"
EndProject
Project("{FAE04EC0-301F-11D3-BF4B-00C04F79EFBC}") = "Task10", "Task10\Task10.csproj", "{B1E9F15D-798E-4C39-B101-B202592C5A74}"
EndProject
Project("{FAE04EC0-301F-11D3-BF4B-00C04F79EFBC}") = "Task11", "Task11\Task11.csproj", "{207EFED1-8D74-4ED0-9123-C9E9ECC2326F}"
EndProject
Project("{FAE04EC0-301F-11D3-BF4B-00C04F79EFBC}") = "Task12", "Task12\Task12.csproj", "{47706161-822E-4D0B-8276-F180972B2C42}"
EndProject
Project("{FAE04EC0-301F-11D3-BF4B-00C04F79EFBC}") = "Task13", "Task13\Task13.csproj", "{26EEC862-D8B4-4C69-913A-EFB843DF21DD}"
EndProject
Project("{FAE04EC0-301F-11D3-BF4B-00C04F79EFBC}") = "Task14", "Task14\Task14.csproj", "{E6D0FC5E-34FE-4EFC-9FE5-CB336929C42D}"
EndProject
Project("{FAE04EC0-301F-11D3-BF4B-00C04F79EFBC}") = "Task15", "Task15\Task15.csproj", "{B720A243-8540-4EE5-8801-68D78B8D42B1}"
EndProject
Project("{FAE04EC0-301F-11D3-BF4B-00C04F79EFBC}") = "Task16", "Task16\Task16.csproj", "{99869583-BBA3-44FD-AE55-860EA19FE877}"
EndProject
Global
	GlobalSection(SolutionConfigurationPlatforms) = preSolution
		Debug|Any CPU = Debug|Any CPU
		Release|Any CPU = Release|Any CPU
	EndGlobalSection
	GlobalSection(ProjectConfigurationPlatforms) = postSolution
		{10EB4FAD-97A1-4AD2-A982-AB7C7D9AF548}.Debug|Any CPU.ActiveCfg = Debug|Any CPU
		{10EB4FAD-97A1-4AD2-A982-AB7C7D9AF548}.Debug|Any CPU.Build.0 = Debug|Any CPU
		{10EB4FAD-97A1-4AD2-A982-AB7C7D9AF548}.Release|Any CPU.ActiveCfg = Release|Any CPU
		{10EB4FAD-97A1-4AD2-A982-AB7C7D9AF548}.Release|Any CPU.Build.0 = Release|Any CPU
		{B527AB23-B814-4E86-A52E-5B86DE0F3AD1}.Debug|Any CPU.ActiveCfg = Debug|Any CPU
		{B527AB23-B814-4E86-A52E-5B86DE0F3AD1}.Debug|Any CPU.Build.0 = Debug|Any CPU
		{B527AB23-B814-4E86-A52E-5B86DE0F3AD1}.Release|Any CPU.ActiveCfg = Release|Any CPU
		{B527AB23-B814-4E86-A52E-5B86DE0F3AD1}.Release|Any CPU.Build.0 = Release|Any CPU
		{2B968573-C25D-4DA1-8A06-3029CC830B54}.Debug|Any CPU.ActiveCfg = Debug|Any CPU
		{2B968573-C25D-4DA1-8A06-3029CC830B54}.Debug|Any CPU.Build.0 = Debug|Any CPU
		{2B968573-C25D-4DA1-8A06-3029CC830B54}.Release|Any CPU.ActiveCfg = Release|Any CPU
		{2B968573-C25D-4DA1-8A06-3029CC830B54}.Release|Any CPU.Build.0 = Release|Any CPU
		{165F280B-431C-4445-924C-D9AA39305C46}.Debug|Any CPU.ActiveCfg = Debug|Any CPU
		{165F280B-431C-4445-924C-D9AA39305C46}.Debug|Any CPU.Build.0 = Debug|Any CPU
		{165F280B-431C-4445-924C-D9AA39305C46}.Release|Any CPU.ActiveCfg = Release|Any CPU
		{165F280B-431C-4445-924C-D9AA39305C46}.Release|Any CPU.Build.0 = Release|Any CPU
		{113D4DE4-662C-47AE-9036-5EC500518CAE}.Debug|Any CPU.ActiveCfg = Debug|Any CPU
		{113D4DE4-662C-47AE-9036-5EC500518CAE}.Debug|Any CPU.Build.0 = Debug|Any CPU
		{113D4DE4-662C-47AE-9036-5EC500518CAE}.Release|Any CPU.ActiveCfg = Release|Any CPU
		{113D4DE4-662C-47AE-9036-5EC500518CAE}.Release|Any CPU.Build.0 = Release|Any CPU
		{23BF69FC-DC81-4D52-80E1-187756CF01B2}.Debug|Any CPU.ActiveCfg = Debug|Any CPU
		{23BF69FC-DC81-4D52-80E1-187756CF01B2}.Debug|Any CPU.Build.0 = Debug|Any CPU
		{23BF69FC-DC81-4D52-80E1-187756CF01B2}.Release|Any CPU.ActiveCfg = Release|Any CPU
		{23BF69FC-DC81-4D52-80E1-187756CF01B2}.Release|Any CPU.Build.0 = Release|Any CPU
		{6FC1A3F0-0FA4-4C19-B2DB-2DE741311755}.Debug|Any CPU.ActiveCfg = Debug|Any CPU
		{6FC1A3F0-0FA4-4C19-B2DB-2DE741311755}.Debug|Any CPU.Build.0 = Debug|Any CPU
		{6FC1A3F0-0FA4-4C19-B2DB-2DE741311755}.Release|Any CPU.ActiveCfg = Release|Any CPU
		{6FC1A3F0-0FA4-4C19-B2DB-2DE741311755}.Release|Any CPU.Build.0 = Release|Any CPU
		{F4DF44A3-BF8E-4E9F-9D79-4295356030D3}.Debug|Any CPU.ActiveCfg = Debug|Any CPU
		{F4DF44A3-BF8E-4E9F-9D79-4295356030D3}.Debug|Any CPU.Build.0 = Debug|Any CPU
		{F4DF44A3-BF8E-4E9F-9D79-4295356030D3}.Release|Any CPU.ActiveCfg = Release|Any CPU
		{F4DF44A3-BF8E-4E9F-9D79-4295356030D3}.Release|Any CPU.Build.0 = Release|Any CPU
		{7C794FFC-0956-47EE-835A-FC588B1EE274}.Debug|Any CPU.ActiveCfg = Debug|Any CPU
		{7C794FFC-0956-47EE-835A-FC588B1EE274}.Debug|Any CPU.Build.0 = Debug|Any CPU
		{7C794FFC-0956-47EE-835A-FC588B1EE274}.Release|Any CPU.ActiveCfg = Release|Any CPU
		{7C794FFC-0956-47EE-835A-FC588B1EE274}.Release|Any CPU.Build.0 = Release|Any CPU
		{B1E9F15D-798E-4C39-B101-B202592C5A74}.Debug|Any CPU.ActiveCfg = Debug|Any CPU
		{B1E9F15D-798E-4C39-B101-B202592C5A74}.Debug|Any CPU.Build.0 = Debug|Any CPU
		{B1E9F15D-798E-4C39-B101-B202592C5A74}.Release|Any CPU.ActiveCfg = Release|Any CPU
		{B1E9F15D-798E-4C39-B101-B202592C5A74}.Release|Any CPU.Build.0 = Release|Any CPU
		{207EFED1-8D74-4ED0-9123-C9E9ECC2326F}.Debug|Any CPU.ActiveCfg = Debug|Any CPU
		{207EFED1-8D74-4ED0-9123-C9E9ECC2326F}.Debug|Any CPU.Build.0 = Debug|Any CPU
		{207EFED1-8D74-4ED0-9123-C9E9ECC2326F}.Release|Any CPU.ActiveCfg = Release|Any CPU
		{207EFED1-8D74-4ED0-9123-C9E9ECC2326F}.Release|Any CPU.Build.0 = Release|Any CPU
		{47706161-822E-4D0B-8276-F180972B2C42}.Debug|Any CPU.ActiveCfg = Debug|Any CPU
		{47706161-822E-4D0B-8276-F180972B2C42}.Debug|Any CPU.Build.0 = Debug|Any CPU
		{47706161-822E-4D0B-8276-F180972B2C42}.Release|Any CPU.ActiveCfg = Release|Any CPU
		{47706161-822E-4D0B-8276-F180972B2C42}.Release|Any CPU.Build.0 = Release|Any CPU
		{26EEC862-D8B4-4C69-913A-EFB843DF21DD}.Debug|Any CPU.ActiveCfg = Debug|Any CPU
		{26EEC862-D8B4-4C69-913A-EFB843DF21DD}.Debug|Any CPU.Build.0 = Debug|Any CPU
		{26EEC862-D8B4-4C69-913A-EFB843DF21DD}.Release|Any CPU.ActiveCfg = Release|Any CPU
		{26EEC862-D8B4-4C69-913A-EFB843DF21DD}.Release|Any CPU.Build.0 = Release|Any CPU
		{E6D0FC5E-34FE-4EFC-9FE5-CB336929C42D}.Debug|Any CPU.ActiveCfg = Debug|Any CPU
		{E6D0FC5E-34FE-4EFC-9FE5-CB336929C42D}.Debug|Any CPU.Build.0 = Debug|Any CPU
		{E6D0FC5E-34FE-4EFC-9FE5-CB336929C42D}.Release|Any CPU.ActiveCfg = Release|Any CPU
		{E6D0FC5E-34FE-4EFC-9FE5-CB336929C42D}.Release|Any CPU.Build.0 = Release|Any CPU
		{B720A243-8540-4EE5-8801-68D78B8D42B1}.Debug|Any CPU.ActiveCfg = Debug|Any CPU
		{B720A243-8540-4EE5-8801-68D78B8D42B1}.Debug|Any CPU.Build.0 = Debug|Any CPU
		{B720A243-8540-4EE5-8801-68D78B8D42B1}.Release|Any CPU.ActiveCfg = Release|Any CPU
		{B720A243-8540-4EE5-8801-68D78B8D42B1}.Release|Any CPU.Build.0 = Release|Any CPU
		{99869583-BBA3-44FD-AE55-860EA19FE877}.Debug|Any CPU.ActiveCfg = Debug|Any CPU
		{99869583-BBA3-44FD-AE55-860EA19FE877}.Debug|Any CPU.Build.0 = Debug|Any CPU
		{99869583-BBA3-44FD-AE55-860EA19FE877}.Release|Any CPU.ActiveCfg = Release|Any CPU
		{99869583-BBA3-44FD-AE55-860EA19FE877}.Release|Any CPU.Build.0 = Release|Any CPU
	EndGlobalSection
	GlobalSection(SolutionProperties) = preSolution
		HideSolutionNode = FALSE
	EndGlobalSection
EndGlobal
