
Microsoft Visual Studio Solution File, Format Version 12.00
# Visual Studio 14
VisualStudioVersion = 14.0.25123.0
MinimumVisualStudioVersion = 10.0.40219.1
Project("{FAE04EC0-301F-11D3-BF4B-00C04F79EFBC}") = "Lesson2", "Lesson2\Lesson2.csproj", "{270FA090-B5D5-40E9-97D7-8DAA9044805E}"
EndProject
Project("{FAE04EC0-301F-11D3-BF4B-00C04F79EFBC}") = "Task1", "Task1\Task1.csproj", "{2DFED3EC-2817-46A4-8B54-E7ADCBA51949}"
EndProject
Project("{FAE04EC0-301F-11D3-BF4B-00C04F79EFBC}") = "Task2", "Task2\Task2.csproj", "{4ED39573-91BB-4820-8E4F-58F6E0C4BE69}"
EndProject
Project("{FAE04EC0-301F-11D3-BF4B-00C04F79EFBC}") = "Task3", "Task3\Task3.csproj", "{295EC65C-7869-43CD-B81D-1EB35EA841D5}"
EndProject
Project("{FAE04EC0-301F-11D3-BF4B-00C04F79EFBC}") = "Task4", "Task4\Task4.csproj", "{8600AC78-9FBF-40A5-B0DD-E19368C97EC4}"
EndProject
Project("{FAE04EC0-301F-11D3-BF4B-00C04F79EFBC}") = "Task5", "Task5\Task5.csproj", "{AFF426DF-0A00-4AC8-984F-5C8357968F80}"
EndProject
Project("{FAE04EC0-301F-11D3-BF4B-00C04F79EFBC}") = "Task6", "Task6\Task6.csproj", "{4E631FFF-A0A2-4948-ABB7-71EC0C9AC21D}"
EndProject
Project("{FAE04EC0-301F-11D3-BF4B-00C04F79EFBC}") = "Task7", "Task7\Task7.csproj", "{A5EAD9ED-4BC7-4F58-A009-9712C492F491}"
EndProject
Project("{FAE04EC0-301F-11D3-BF4B-00C04F79EFBC}") = "Task8", "Task8\Task8.csproj", "{54B981B6-D2E3-42B0-9428-DEBF7469ACFE}"
EndProject
Project("{FAE04EC0-301F-11D3-BF4B-00C04F79EFBC}") = "Task9", "Task9\Task9.csproj", "{35AF73F0-DD77-444A-AC70-2408A66AE168}"
EndProject
Project("{FAE04EC0-301F-11D3-BF4B-00C04F79EFBC}") = "Task10", "Task10\Task10.csproj", "{3178301E-1EDA-4EE2-8977-69E19B572008}"
EndProject
Project("{FAE04EC0-301F-11D3-BF4B-00C04F79EFBC}") = "Task11", "Task11\Task11.csproj", "{2CC3A7E6-E536-40AD-93F0-2D8E90A58252}"
EndProject
Project("{FAE04EC0-301F-11D3-BF4B-00C04F79EFBC}") = "Task12", "Task12\Task12.csproj", "{AC57881B-BBA6-41F7-940C-1F5C2B08E6E6}"
EndProject
Project("{FAE04EC0-301F-11D3-BF4B-00C04F79EFBC}") = "Task13", "Task13\Task13.csproj", "{FE37AB6A-CEFC-4F36-848E-4145D1941309}"
EndProject
Project("{FAE04EC0-301F-11D3-BF4B-00C04F79EFBC}") = "Task14", "Task14\Task14.csproj", "{0A0EED60-5462-4C34-863F-24A782655145}"
EndProject
Project("{FAE04EC0-301F-11D3-BF4B-00C04F79EFBC}") = "Task15", "Task15\Task15.csproj", "{E2488CC9-8E63-4166-9AB1-721F824D7926}"
EndProject
Project("{FAE04EC0-301F-11D3-BF4B-00C04F79EFBC}") = "Task16", "Task16\Task16.csproj", "{CEA975BB-693A-4EA8-B4FB-F77359938436}"
EndProject
Project("{FAE04EC0-301F-11D3-BF4B-00C04F79EFBC}") = "Task17", "Task17\Task17.csproj", "{2BE48419-2D9F-4329-BE5C-37F38381C38D}"
EndProject
Project("{FAE04EC0-301F-11D3-BF4B-00C04F79EFBC}") = "Task18", "Task18\Task18.csproj", "{7450F32A-50DA-452A-A9DC-7742BC09A7BB}"
EndProject
Project("{FAE04EC0-301F-11D3-BF4B-00C04F79EFBC}") = "Task19", "Task19\Task19.csproj", "{714D6477-B0B6-4C37-A881-61EFF9229644}"
EndProject
Project("{FAE04EC0-301F-11D3-BF4B-00C04F79EFBC}") = "Task20", "Task20\Task20.csproj", "{1854B94A-E008-4D4B-97A7-B0C9074A2554}"
EndProject
Project("{FAE04EC0-301F-11D3-BF4B-00C04F79EFBC}") = "Task21", "Task21\Task21.csproj", "{68917230-148A-4818-8D82-0E3063D0AC78}"
EndProject
Project("{FAE04EC0-301F-11D3-BF4B-00C04F79EFBC}") = "Task22", "Task22\Task22.csproj", "{157074AE-A13B-4293-BF84-F95EB2A4ABEF}"
EndProject
Project("{FAE04EC0-301F-11D3-BF4B-00C04F79EFBC}") = "Task23", "Task23\Task23.csproj", "{17270768-0F6A-4BDE-B672-6DD8BA4FFC6C}"
EndProject
Project("{FAE04EC0-301F-11D3-BF4B-00C04F79EFBC}") = "Task24", "Task24\Task24.csproj", "{729206E0-54C2-42B7-8704-9CC79F0AD439}"
EndProject
Project("{FAE04EC0-301F-11D3-BF4B-00C04F79EFBC}") = "Task25", "Task25\Task25.csproj", "{47D3C373-E2C0-498E-9499-62F48768BE9E}"
EndProject
Project("{FAE04EC0-301F-11D3-BF4B-00C04F79EFBC}") = "Task26", "Task26\Task26.csproj", "{B4B3AEBA-4DA8-4074-9B08-0EE107E5EF95}"
EndProject
Global
	GlobalSection(SolutionConfigurationPlatforms) = preSolution
		Debug|Any CPU = Debug|Any CPU
		Debug|x86 = Debug|x86
		Release|Any CPU = Release|Any CPU
		Release|x86 = Release|x86
	EndGlobalSection
	GlobalSection(ProjectConfigurationPlatforms) = postSolution
		{270FA090-B5D5-40E9-97D7-8DAA9044805E}.Debug|Any CPU.ActiveCfg = Debug|x86
		{270FA090-B5D5-40E9-97D7-8DAA9044805E}.Debug|x86.ActiveCfg = Debug|x86
		{270FA090-B5D5-40E9-97D7-8DAA9044805E}.Debug|x86.Build.0 = Debug|x86
		{270FA090-B5D5-40E9-97D7-8DAA9044805E}.Release|Any CPU.ActiveCfg = Release|x86
		{270FA090-B5D5-40E9-97D7-8DAA9044805E}.Release|x86.ActiveCfg = Release|x86
		{270FA090-B5D5-40E9-97D7-8DAA9044805E}.Release|x86.Build.0 = Release|x86
		{2DFED3EC-2817-46A4-8B54-E7ADCBA51949}.Debug|Any CPU.ActiveCfg = Debug|Any CPU
		{2DFED3EC-2817-46A4-8B54-E7ADCBA51949}.Debug|Any CPU.Build.0 = Debug|Any CPU
		{2DFED3EC-2817-46A4-8B54-E7ADCBA51949}.Debug|x86.ActiveCfg = Debug|Any CPU
		{2DFED3EC-2817-46A4-8B54-E7ADCBA51949}.Debug|x86.Build.0 = Debug|Any CPU
		{2DFED3EC-2817-46A4-8B54-E7ADCBA51949}.Release|Any CPU.ActiveCfg = Release|Any CPU
		{2DFED3EC-2817-46A4-8B54-E7ADCBA51949}.Release|Any CPU.Build.0 = Release|Any CPU
		{2DFED3EC-2817-46A4-8B54-E7ADCBA51949}.Release|x86.ActiveCfg = Release|Any CPU
		{2DFED3EC-2817-46A4-8B54-E7ADCBA51949}.Release|x86.Build.0 = Release|Any CPU
		{4ED39573-91BB-4820-8E4F-58F6E0C4BE69}.Debug|Any CPU.ActiveCfg = Debug|Any CPU
		{4ED39573-91BB-4820-8E4F-58F6E0C4BE69}.Debug|Any CPU.Build.0 = Debug|Any CPU
		{4ED39573-91BB-4820-8E4F-58F6E0C4BE69}.Debug|x86.ActiveCfg = Debug|Any CPU
		{4ED39573-91BB-4820-8E4F-58F6E0C4BE69}.Debug|x86.Build.0 = Debug|Any CPU
		{4ED39573-91BB-4820-8E4F-58F6E0C4BE69}.Release|Any CPU.ActiveCfg = Release|Any CPU
		{4ED39573-91BB-4820-8E4F-58F6E0C4BE69}.Release|Any CPU.Build.0 = Release|Any CPU
		{4ED39573-91BB-4820-8E4F-58F6E0C4BE69}.Release|x86.ActiveCfg = Release|Any CPU
		{4ED39573-91BB-4820-8E4F-58F6E0C4BE69}.Release|x86.Build.0 = Release|Any CPU
		{295EC65C-7869-43CD-B81D-1EB35EA841D5}.Debug|Any CPU.ActiveCfg = Debug|Any CPU
		{295EC65C-7869-43CD-B81D-1EB35EA841D5}.Debug|Any CPU.Build.0 = Debug|Any CPU
		{295EC65C-7869-43CD-B81D-1EB35EA841D5}.Debug|x86.ActiveCfg = Debug|Any CPU
		{295EC65C-7869-43CD-B81D-1EB35EA841D5}.Debug|x86.Build.0 = Debug|Any CPU
		{295EC65C-7869-43CD-B81D-1EB35EA841D5}.Release|Any CPU.ActiveCfg = Release|Any CPU
		{295EC65C-7869-43CD-B81D-1EB35EA841D5}.Release|Any CPU.Build.0 = Release|Any CPU
		{295EC65C-7869-43CD-B81D-1EB35EA841D5}.Release|x86.ActiveCfg = Release|Any CPU
		{295EC65C-7869-43CD-B81D-1EB35EA841D5}.Release|x86.Build.0 = Release|Any CPU
		{8600AC78-9FBF-40A5-B0DD-E19368C97EC4}.Debug|Any CPU.ActiveCfg = Debug|Any CPU
		{8600AC78-9FBF-40A5-B0DD-E19368C97EC4}.Debug|Any CPU.Build.0 = Debug|Any CPU
		{8600AC78-9FBF-40A5-B0DD-E19368C97EC4}.Debug|x86.ActiveCfg = Debug|Any CPU
		{8600AC78-9FBF-40A5-B0DD-E19368C97EC4}.Debug|x86.Build.0 = Debug|Any CPU
		{8600AC78-9FBF-40A5-B0DD-E19368C97EC4}.Release|Any CPU.ActiveCfg = Release|Any CPU
		{8600AC78-9FBF-40A5-B0DD-E19368C97EC4}.Release|Any CPU.Build.0 = Release|Any CPU
		{8600AC78-9FBF-40A5-B0DD-E19368C97EC4}.Release|x86.ActiveCfg = Release|Any CPU
		{8600AC78-9FBF-40A5-B0DD-E19368C97EC4}.Release|x86.Build.0 = Release|Any CPU
		{AFF426DF-0A00-4AC8-984F-5C8357968F80}.Debug|Any CPU.ActiveCfg = Debug|Any CPU
		{AFF426DF-0A00-4AC8-984F-5C8357968F80}.Debug|Any CPU.Build.0 = Debug|Any CPU
		{AFF426DF-0A00-4AC8-984F-5C8357968F80}.Debug|x86.ActiveCfg = Debug|Any CPU
		{AFF426DF-0A00-4AC8-984F-5C8357968F80}.Debug|x86.Build.0 = Debug|Any CPU
		{AFF426DF-0A00-4AC8-984F-5C8357968F80}.Release|Any CPU.ActiveCfg = Release|Any CPU
		{AFF426DF-0A00-4AC8-984F-5C8357968F80}.Release|Any CPU.Build.0 = Release|Any CPU
		{AFF426DF-0A00-4AC8-984F-5C8357968F80}.Release|x86.ActiveCfg = Release|Any CPU
		{AFF426DF-0A00-4AC8-984F-5C8357968F80}.Release|x86.Build.0 = Release|Any CPU
		{4E631FFF-A0A2-4948-ABB7-71EC0C9AC21D}.Debug|Any CPU.ActiveCfg = Debug|Any CPU
		{4E631FFF-A0A2-4948-ABB7-71EC0C9AC21D}.Debug|Any CPU.Build.0 = Debug|Any CPU
		{4E631FFF-A0A2-4948-ABB7-71EC0C9AC21D}.Debug|x86.ActiveCfg = Debug|Any CPU
		{4E631FFF-A0A2-4948-ABB7-71EC0C9AC21D}.Debug|x86.Build.0 = Debug|Any CPU
		{4E631FFF-A0A2-4948-ABB7-71EC0C9AC21D}.Release|Any CPU.ActiveCfg = Release|Any CPU
		{4E631FFF-A0A2-4948-ABB7-71EC0C9AC21D}.Release|Any CPU.Build.0 = Release|Any CPU
		{4E631FFF-A0A2-4948-ABB7-71EC0C9AC21D}.Release|x86.ActiveCfg = Release|Any CPU
		{4E631FFF-A0A2-4948-ABB7-71EC0C9AC21D}.Release|x86.Build.0 = Release|Any CPU
		{A5EAD9ED-4BC7-4F58-A009-9712C492F491}.Debug|Any CPU.ActiveCfg = Debug|Any CPU
		{A5EAD9ED-4BC7-4F58-A009-9712C492F491}.Debug|Any CPU.Build.0 = Debug|Any CPU
		{A5EAD9ED-4BC7-4F58-A009-9712C492F491}.Debug|x86.ActiveCfg = Debug|Any CPU
		{A5EAD9ED-4BC7-4F58-A009-9712C492F491}.Debug|x86.Build.0 = Debug|Any CPU
		{A5EAD9ED-4BC7-4F58-A009-9712C492F491}.Release|Any CPU.ActiveCfg = Release|Any CPU
		{A5EAD9ED-4BC7-4F58-A009-9712C492F491}.Release|Any CPU.Build.0 = Release|Any CPU
		{A5EAD9ED-4BC7-4F58-A009-9712C492F491}.Release|x86.ActiveCfg = Release|Any CPU
		{A5EAD9ED-4BC7-4F58-A009-9712C492F491}.Release|x86.Build.0 = Release|Any CPU
		{54B981B6-D2E3-42B0-9428-DEBF7469ACFE}.Debug|Any CPU.ActiveCfg = Debug|Any CPU
		{54B981B6-D2E3-42B0-9428-DEBF7469ACFE}.Debug|Any CPU.Build.0 = Debug|Any CPU
		{54B981B6-D2E3-42B0-9428-DEBF7469ACFE}.Debug|x86.ActiveCfg = Debug|Any CPU
		{54B981B6-D2E3-42B0-9428-DEBF7469ACFE}.Debug|x86.Build.0 = Debug|Any CPU
		{54B981B6-D2E3-42B0-9428-DEBF7469ACFE}.Release|Any CPU.ActiveCfg = Release|Any CPU
		{54B981B6-D2E3-42B0-9428-DEBF7469ACFE}.Release|Any CPU.Build.0 = Release|Any CPU
		{54B981B6-D2E3-42B0-9428-DEBF7469ACFE}.Release|x86.ActiveCfg = Release|Any CPU
		{54B981B6-D2E3-42B0-9428-DEBF7469ACFE}.Release|x86.Build.0 = Release|Any CPU
		{35AF73F0-DD77-444A-AC70-2408A66AE168}.Debug|Any CPU.ActiveCfg = Debug|Any CPU
		{35AF73F0-DD77-444A-AC70-2408A66AE168}.Debug|Any CPU.Build.0 = Debug|Any CPU
		{35AF73F0-DD77-444A-AC70-2408A66AE168}.Debug|x86.ActiveCfg = Debug|Any CPU
		{35AF73F0-DD77-444A-AC70-2408A66AE168}.Debug|x86.Build.0 = Debug|Any CPU
		{35AF73F0-DD77-444A-AC70-2408A66AE168}.Release|Any CPU.ActiveCfg = Release|Any CPU
		{35AF73F0-DD77-444A-AC70-2408A66AE168}.Release|Any CPU.Build.0 = Release|Any CPU
		{35AF73F0-DD77-444A-AC70-2408A66AE168}.Release|x86.ActiveCfg = Release|Any CPU
		{35AF73F0-DD77-444A-AC70-2408A66AE168}.Release|x86.Build.0 = Release|Any CPU
		{3178301E-1EDA-4EE2-8977-69E19B572008}.Debug|Any CPU.ActiveCfg = Debug|Any CPU
		{3178301E-1EDA-4EE2-8977-69E19B572008}.Debug|Any CPU.Build.0 = Debug|Any CPU
		{3178301E-1EDA-4EE2-8977-69E19B572008}.Debug|x86.ActiveCfg = Debug|Any CPU
		{3178301E-1EDA-4EE2-8977-69E19B572008}.Debug|x86.Build.0 = Debug|Any CPU
		{3178301E-1EDA-4EE2-8977-69E19B572008}.Release|Any CPU.ActiveCfg = Release|Any CPU
		{3178301E-1EDA-4EE2-8977-69E19B572008}.Release|Any CPU.Build.0 = Release|Any CPU
		{3178301E-1EDA-4EE2-8977-69E19B572008}.Release|x86.ActiveCfg = Release|Any CPU
		{3178301E-1EDA-4EE2-8977-69E19B572008}.Release|x86.Build.0 = Release|Any CPU
		{2CC3A7E6-E536-40AD-93F0-2D8E90A58252}.Debug|Any CPU.ActiveCfg = Debug|Any CPU
		{2CC3A7E6-E536-40AD-93F0-2D8E90A58252}.Debug|Any CPU.Build.0 = Debug|Any CPU
		{2CC3A7E6-E536-40AD-93F0-2D8E90A58252}.Debug|x86.ActiveCfg = Debug|Any CPU
		{2CC3A7E6-E536-40AD-93F0-2D8E90A58252}.Debug|x86.Build.0 = Debug|Any CPU
		{2CC3A7E6-E536-40AD-93F0-2D8E90A58252}.Release|Any CPU.ActiveCfg = Release|Any CPU
		{2CC3A7E6-E536-40AD-93F0-2D8E90A58252}.Release|Any CPU.Build.0 = Release|Any CPU
		{2CC3A7E6-E536-40AD-93F0-2D8E90A58252}.Release|x86.ActiveCfg = Release|Any CPU
		{2CC3A7E6-E536-40AD-93F0-2D8E90A58252}.Release|x86.Build.0 = Release|Any CPU
		{AC57881B-BBA6-41F7-940C-1F5C2B08E6E6}.Debug|Any CPU.ActiveCfg = Debug|Any CPU
		{AC57881B-BBA6-41F7-940C-1F5C2B08E6E6}.Debug|Any CPU.Build.0 = Debug|Any CPU
		{AC57881B-BBA6-41F7-940C-1F5C2B08E6E6}.Debug|x86.ActiveCfg = Debug|Any CPU
		{AC57881B-BBA6-41F7-940C-1F5C2B08E6E6}.Debug|x86.Build.0 = Debug|Any CPU
		{AC57881B-BBA6-41F7-940C-1F5C2B08E6E6}.Release|Any CPU.ActiveCfg = Release|Any CPU
		{AC57881B-BBA6-41F7-940C-1F5C2B08E6E6}.Release|Any CPU.Build.0 = Release|Any CPU
		{AC57881B-BBA6-41F7-940C-1F5C2B08E6E6}.Release|x86.ActiveCfg = Release|Any CPU
		{AC57881B-BBA6-41F7-940C-1F5C2B08E6E6}.Release|x86.Build.0 = Release|Any CPU
		{FE37AB6A-CEFC-4F36-848E-4145D1941309}.Debug|Any CPU.ActiveCfg = Debug|Any CPU
		{FE37AB6A-CEFC-4F36-848E-4145D1941309}.Debug|Any CPU.Build.0 = Debug|Any CPU
		{FE37AB6A-CEFC-4F36-848E-4145D1941309}.Debug|x86.ActiveCfg = Debug|Any CPU
		{FE37AB6A-CEFC-4F36-848E-4145D1941309}.Debug|x86.Build.0 = Debug|Any CPU
		{FE37AB6A-CEFC-4F36-848E-4145D1941309}.Release|Any CPU.ActiveCfg = Release|Any CPU
		{FE37AB6A-CEFC-4F36-848E-4145D1941309}.Release|Any CPU.Build.0 = Release|Any CPU
		{FE37AB6A-CEFC-4F36-848E-4145D1941309}.Release|x86.ActiveCfg = Release|Any CPU
		{FE37AB6A-CEFC-4F36-848E-4145D1941309}.Release|x86.Build.0 = Release|Any CPU
		{0A0EED60-5462-4C34-863F-24A782655145}.Debug|Any CPU.ActiveCfg = Debug|Any CPU
		{0A0EED60-5462-4C34-863F-24A782655145}.Debug|Any CPU.Build.0 = Debug|Any CPU
		{0A0EED60-5462-4C34-863F-24A782655145}.Debug|x86.ActiveCfg = Debug|Any CPU
		{0A0EED60-5462-4C34-863F-24A782655145}.Debug|x86.Build.0 = Debug|Any CPU
		{0A0EED60-5462-4C34-863F-24A782655145}.Release|Any CPU.ActiveCfg = Release|Any CPU
		{0A0EED60-5462-4C34-863F-24A782655145}.Release|Any CPU.Build.0 = Release|Any CPU
		{0A0EED60-5462-4C34-863F-24A782655145}.Release|x86.ActiveCfg = Release|Any CPU
		{0A0EED60-5462-4C34-863F-24A782655145}.Release|x86.Build.0 = Release|Any CPU
		{E2488CC9-8E63-4166-9AB1-721F824D7926}.Debug|Any CPU.ActiveCfg = Debug|Any CPU
		{E2488CC9-8E63-4166-9AB1-721F824D7926}.Debug|Any CPU.Build.0 = Debug|Any CPU
		{E2488CC9-8E63-4166-9AB1-721F824D7926}.Debug|x86.ActiveCfg = Debug|Any CPU
		{E2488CC9-8E63-4166-9AB1-721F824D7926}.Debug|x86.Build.0 = Debug|Any CPU
		{E2488CC9-8E63-4166-9AB1-721F824D7926}.Release|Any CPU.ActiveCfg = Release|Any CPU
		{E2488CC9-8E63-4166-9AB1-721F824D7926}.Release|Any CPU.Build.0 = Release|Any CPU
		{E2488CC9-8E63-4166-9AB1-721F824D7926}.Release|x86.ActiveCfg = Release|Any CPU
		{E2488CC9-8E63-4166-9AB1-721F824D7926}.Release|x86.Build.0 = Release|Any CPU
		{CEA975BB-693A-4EA8-B4FB-F77359938436}.Debug|Any CPU.ActiveCfg = Debug|Any CPU
		{CEA975BB-693A-4EA8-B4FB-F77359938436}.Debug|Any CPU.Build.0 = Debug|Any CPU
		{CEA975BB-693A-4EA8-B4FB-F77359938436}.Debug|x86.ActiveCfg = Debug|Any CPU
		{CEA975BB-693A-4EA8-B4FB-F77359938436}.Debug|x86.Build.0 = Debug|Any CPU
		{CEA975BB-693A-4EA8-B4FB-F77359938436}.Release|Any CPU.ActiveCfg = Release|Any CPU
		{CEA975BB-693A-4EA8-B4FB-F77359938436}.Release|Any CPU.Build.0 = Release|Any CPU
		{CEA975BB-693A-4EA8-B4FB-F77359938436}.Release|x86.ActiveCfg = Release|Any CPU
		{CEA975BB-693A-4EA8-B4FB-F77359938436}.Release|x86.Build.0 = Release|Any CPU
		{2BE48419-2D9F-4329-BE5C-37F38381C38D}.Debug|Any CPU.ActiveCfg = Debug|Any CPU
		{2BE48419-2D9F-4329-BE5C-37F38381C38D}.Debug|Any CPU.Build.0 = Debug|Any CPU
		{2BE48419-2D9F-4329-BE5C-37F38381C38D}.Debug|x86.ActiveCfg = Debug|Any CPU
		{2BE48419-2D9F-4329-BE5C-37F38381C38D}.Debug|x86.Build.0 = Debug|Any CPU
		{2BE48419-2D9F-4329-BE5C-37F38381C38D}.Release|Any CPU.ActiveCfg = Release|Any CPU
		{2BE48419-2D9F-4329-BE5C-37F38381C38D}.Release|Any CPU.Build.0 = Release|Any CPU
		{2BE48419-2D9F-4329-BE5C-37F38381C38D}.Release|x86.ActiveCfg = Release|Any CPU
		{2BE48419-2D9F-4329-BE5C-37F38381C38D}.Release|x86.Build.0 = Release|Any CPU
		{7450F32A-50DA-452A-A9DC-7742BC09A7BB}.Debug|Any CPU.ActiveCfg = Debug|Any CPU
		{7450F32A-50DA-452A-A9DC-7742BC09A7BB}.Debug|Any CPU.Build.0 = Debug|Any CPU
		{7450F32A-50DA-452A-A9DC-7742BC09A7BB}.Debug|x86.ActiveCfg = Debug|Any CPU
		{7450F32A-50DA-452A-A9DC-7742BC09A7BB}.Debug|x86.Build.0 = Debug|Any CPU
		{7450F32A-50DA-452A-A9DC-7742BC09A7BB}.Release|Any CPU.ActiveCfg = Release|Any CPU
		{7450F32A-50DA-452A-A9DC-7742BC09A7BB}.Release|Any CPU.Build.0 = Release|Any CPU
		{7450F32A-50DA-452A-A9DC-7742BC09A7BB}.Release|x86.ActiveCfg = Release|Any CPU
		{7450F32A-50DA-452A-A9DC-7742BC09A7BB}.Release|x86.Build.0 = Release|Any CPU
		{714D6477-B0B6-4C37-A881-61EFF9229644}.Debug|Any CPU.ActiveCfg = Debug|Any CPU
		{714D6477-B0B6-4C37-A881-61EFF9229644}.Debug|Any CPU.Build.0 = Debug|Any CPU
		{714D6477-B0B6-4C37-A881-61EFF9229644}.Debug|x86.ActiveCfg = Debug|Any CPU
		{714D6477-B0B6-4C37-A881-61EFF9229644}.Debug|x86.Build.0 = Debug|Any CPU
		{714D6477-B0B6-4C37-A881-61EFF9229644}.Release|Any CPU.ActiveCfg = Release|Any CPU
		{714D6477-B0B6-4C37-A881-61EFF9229644}.Release|Any CPU.Build.0 = Release|Any CPU
		{714D6477-B0B6-4C37-A881-61EFF9229644}.Release|x86.ActiveCfg = Release|Any CPU
		{714D6477-B0B6-4C37-A881-61EFF9229644}.Release|x86.Build.0 = Release|Any CPU
		{1854B94A-E008-4D4B-97A7-B0C9074A2554}.Debug|Any CPU.ActiveCfg = Debug|Any CPU
		{1854B94A-E008-4D4B-97A7-B0C9074A2554}.Debug|Any CPU.Build.0 = Debug|Any CPU
		{1854B94A-E008-4D4B-97A7-B0C9074A2554}.Debug|x86.ActiveCfg = Debug|Any CPU
		{1854B94A-E008-4D4B-97A7-B0C9074A2554}.Debug|x86.Build.0 = Debug|Any CPU
		{1854B94A-E008-4D4B-97A7-B0C9074A2554}.Release|Any CPU.ActiveCfg = Release|Any CPU
		{1854B94A-E008-4D4B-97A7-B0C9074A2554}.Release|Any CPU.Build.0 = Release|Any CPU
		{1854B94A-E008-4D4B-97A7-B0C9074A2554}.Release|x86.ActiveCfg = Release|Any CPU
		{1854B94A-E008-4D4B-97A7-B0C9074A2554}.Release|x86.Build.0 = Release|Any CPU
		{68917230-148A-4818-8D82-0E3063D0AC78}.Debug|Any CPU.ActiveCfg = Debug|Any CPU
		{68917230-148A-4818-8D82-0E3063D0AC78}.Debug|Any CPU.Build.0 = Debug|Any CPU
		{68917230-148A-4818-8D82-0E3063D0AC78}.Debug|x86.ActiveCfg = Debug|Any CPU
		{68917230-148A-4818-8D82-0E3063D0AC78}.Debug|x86.Build.0 = Debug|Any CPU
		{68917230-148A-4818-8D82-0E3063D0AC78}.Release|Any CPU.ActiveCfg = Release|Any CPU
		{68917230-148A-4818-8D82-0E3063D0AC78}.Release|Any CPU.Build.0 = Release|Any CPU
		{68917230-148A-4818-8D82-0E3063D0AC78}.Release|x86.ActiveCfg = Release|Any CPU
		{68917230-148A-4818-8D82-0E3063D0AC78}.Release|x86.Build.0 = Release|Any CPU
		{157074AE-A13B-4293-BF84-F95EB2A4ABEF}.Debug|Any CPU.ActiveCfg = Debug|Any CPU
		{157074AE-A13B-4293-BF84-F95EB2A4ABEF}.Debug|Any CPU.Build.0 = Debug|Any CPU
		{157074AE-A13B-4293-BF84-F95EB2A4ABEF}.Debug|x86.ActiveCfg = Debug|Any CPU
		{157074AE-A13B-4293-BF84-F95EB2A4ABEF}.Debug|x86.Build.0 = Debug|Any CPU
		{157074AE-A13B-4293-BF84-F95EB2A4ABEF}.Release|Any CPU.ActiveCfg = Release|Any CPU
		{157074AE-A13B-4293-BF84-F95EB2A4ABEF}.Release|Any CPU.Build.0 = Release|Any CPU
		{157074AE-A13B-4293-BF84-F95EB2A4ABEF}.Release|x86.ActiveCfg = Release|Any CPU
		{157074AE-A13B-4293-BF84-F95EB2A4ABEF}.Release|x86.Build.0 = Release|Any CPU
		{17270768-0F6A-4BDE-B672-6DD8BA4FFC6C}.Debug|Any CPU.ActiveCfg = Debug|Any CPU
		{17270768-0F6A-4BDE-B672-6DD8BA4FFC6C}.Debug|Any CPU.Build.0 = Debug|Any CPU
		{17270768-0F6A-4BDE-B672-6DD8BA4FFC6C}.Debug|x86.ActiveCfg = Debug|Any CPU
		{17270768-0F6A-4BDE-B672-6DD8BA4FFC6C}.Debug|x86.Build.0 = Debug|Any CPU
		{17270768-0F6A-4BDE-B672-6DD8BA4FFC6C}.Release|Any CPU.ActiveCfg = Release|Any CPU
		{17270768-0F6A-4BDE-B672-6DD8BA4FFC6C}.Release|Any CPU.Build.0 = Release|Any CPU
		{17270768-0F6A-4BDE-B672-6DD8BA4FFC6C}.Release|x86.ActiveCfg = Release|Any CPU
		{17270768-0F6A-4BDE-B672-6DD8BA4FFC6C}.Release|x86.Build.0 = Release|Any CPU
		{729206E0-54C2-42B7-8704-9CC79F0AD439}.Debug|Any CPU.ActiveCfg = Debug|Any CPU
		{729206E0-54C2-42B7-8704-9CC79F0AD439}.Debug|Any CPU.Build.0 = Debug|Any CPU
		{729206E0-54C2-42B7-8704-9CC79F0AD439}.Debug|x86.ActiveCfg = Debug|Any CPU
		{729206E0-54C2-42B7-8704-9CC79F0AD439}.Debug|x86.Build.0 = Debug|Any CPU
		{729206E0-54C2-42B7-8704-9CC79F0AD439}.Release|Any CPU.ActiveCfg = Release|Any CPU
		{729206E0-54C2-42B7-8704-9CC79F0AD439}.Release|Any CPU.Build.0 = Release|Any CPU
		{729206E0-54C2-42B7-8704-9CC79F0AD439}.Release|x86.ActiveCfg = Release|Any CPU
		{729206E0-54C2-42B7-8704-9CC79F0AD439}.Release|x86.Build.0 = Release|Any CPU
		{47D3C373-E2C0-498E-9499-62F48768BE9E}.Debug|Any CPU.ActiveCfg = Debug|Any CPU
		{47D3C373-E2C0-498E-9499-62F48768BE9E}.Debug|Any CPU.Build.0 = Debug|Any CPU
		{47D3C373-E2C0-498E-9499-62F48768BE9E}.Debug|x86.ActiveCfg = Debug|Any CPU
		{47D3C373-E2C0-498E-9499-62F48768BE9E}.Debug|x86.Build.0 = Debug|Any CPU
		{47D3C373-E2C0-498E-9499-62F48768BE9E}.Release|Any CPU.ActiveCfg = Release|Any CPU
		{47D3C373-E2C0-498E-9499-62F48768BE9E}.Release|Any CPU.Build.0 = Release|Any CPU
		{47D3C373-E2C0-498E-9499-62F48768BE9E}.Release|x86.ActiveCfg = Release|Any CPU
		{47D3C373-E2C0-498E-9499-62F48768BE9E}.Release|x86.Build.0 = Release|Any CPU
		{B4B3AEBA-4DA8-4074-9B08-0EE107E5EF95}.Debug|Any CPU.ActiveCfg = Debug|Any CPU
		{B4B3AEBA-4DA8-4074-9B08-0EE107E5EF95}.Debug|Any CPU.Build.0 = Debug|Any CPU
		{B4B3AEBA-4DA8-4074-9B08-0EE107E5EF95}.Debug|x86.ActiveCfg = Debug|Any CPU
		{B4B3AEBA-4DA8-4074-9B08-0EE107E5EF95}.Debug|x86.Build.0 = Debug|Any CPU
		{B4B3AEBA-4DA8-4074-9B08-0EE107E5EF95}.Release|Any CPU.ActiveCfg = Release|Any CPU
		{B4B3AEBA-4DA8-4074-9B08-0EE107E5EF95}.Release|Any CPU.Build.0 = Release|Any CPU
		{B4B3AEBA-4DA8-4074-9B08-0EE107E5EF95}.Release|x86.ActiveCfg = Release|Any CPU
		{B4B3AEBA-4DA8-4074-9B08-0EE107E5EF95}.Release|x86.Build.0 = Release|Any CPU
	EndGlobalSection
	GlobalSection(SolutionProperties) = preSolution
		HideSolutionNode = FALSE
	EndGlobalSection
EndGlobal
