
Microsoft Visual Studio Solution File, Format Version 12.00
# Visual Studio 14
VisualStudioVersion = 14.0.25123.0
MinimumVisualStudioVersion = 10.0.40219.1
Project("{FAE04EC0-301F-11D3-BF4B-00C04F79EFBC}") = "Task1", "Task1\Task1.csproj", "{31BE3650-F33B-467C-9276-623258DF7DB9}"
EndProject
Project("{FAE04EC0-301F-11D3-BF4B-00C04F79EFBC}") = "Task2", "Task2\Task2.csproj", "{3FA64241-4B03-422A-AC2B-DB699562351D}"
EndProject
Project("{FAE04EC0-301F-11D3-BF4B-00C04F79EFBC}") = "Task3", "Task3\Task3.csproj", "{1DB15B21-7993-4528-A6AE-AFC1FE74FE07}"
EndProject
Project("{FAE04EC0-301F-11D3-BF4B-00C04F79EFBC}") = "Task4", "Task4\Task4.csproj", "{2C3CEDDC-03C3-461A-A484-89D8812075BF}"
EndProject
Project("{FAE04EC0-301F-11D3-BF4B-00C04F79EFBC}") = "Task5", "Task5\Task5.csproj", "{FB319887-CE96-496D-BB75-14866A9850F8}"
EndProject
Project("{FAE04EC0-301F-11D3-BF4B-00C04F79EFBC}") = "Task6", "Task6\Task6.csproj", "{875B73B7-44F3-4562-AB3C-0A8025C44499}"
EndProject
Project("{FAE04EC0-301F-11D3-BF4B-00C04F79EFBC}") = "Task7", "Task7\Task7.csproj", "{B1262F36-B5FA-4178-BB3E-F46080802188}"
EndProject
Project("{FAE04EC0-301F-11D3-BF4B-00C04F79EFBC}") = "Task8", "Task8\Task8.csproj", "{51E51A57-1D1D-45E3-A89C-82A7F3B5DED6}"
EndProject
Project("{FAE04EC0-301F-11D3-BF4B-00C04F79EFBC}") = "Task9", "Task9\Task9.csproj", "{87A379E2-030B-4904-86AF-3AB8C97E7834}"
EndProject
Project("{FAE04EC0-301F-11D3-BF4B-00C04F79EFBC}") = "Task10", "Task10\Task10.csproj", "{130AAE24-F6E7-4C32-986E-CF170917D610}"
EndProject
Project("{FAE04EC0-301F-11D3-BF4B-00C04F79EFBC}") = "Task11", "Task11\Task11.csproj", "{FB2F14BC-6FEB-4025-853B-B0F2746E803B}"
EndProject
Project("{FAE04EC0-301F-11D3-BF4B-00C04F79EFBC}") = "Task12", "Task12\Task12.csproj", "{43DBF4D6-9E30-4376-A7DF-EBF11522ACF4}"
EndProject
Project("{FAE04EC0-301F-11D3-BF4B-00C04F79EFBC}") = "Task13", "Task13\Task13.csproj", "{9E981AB6-7BD8-4C89-AEEE-6D38965B1B70}"
EndProject
Project("{FAE04EC0-301F-11D3-BF4B-00C04F79EFBC}") = "Task14", "Task14\Task14.csproj", "{182BCE59-7C27-465F-B808-FF354292911A}"
EndProject
Project("{FAE04EC0-301F-11D3-BF4B-00C04F79EFBC}") = "Task15", "Task15\Task15.csproj", "{0A46323A-4793-4FF6-8E11-5D4BC893369C}"
EndProject
Project("{FAE04EC0-301F-11D3-BF4B-00C04F79EFBC}") = "Task16", "Task16\Task16.csproj", "{B76E7876-42A8-465C-B553-197EAC1B7343}"
EndProject
Project("{FAE04EC0-301F-11D3-BF4B-00C04F79EFBC}") = "Task17", "Task17\Task17.csproj", "{532DC286-5204-4255-8A72-EBE1263FC9F8}"
EndProject
Project("{FAE04EC0-301F-11D3-BF4B-00C04F79EFBC}") = "Task18", "Task18\Task18.csproj", "{C488DA48-1674-47FC-AC17-764A04FCADA7}"
EndProject
Global
	GlobalSection(SolutionConfigurationPlatforms) = preSolution
		Debug|Any CPU = Debug|Any CPU
		Release|Any CPU = Release|Any CPU
	EndGlobalSection
	GlobalSection(ProjectConfigurationPlatforms) = postSolution
		{31BE3650-F33B-467C-9276-623258DF7DB9}.Debug|Any CPU.ActiveCfg = Debug|Any CPU
		{31BE3650-F33B-467C-9276-623258DF7DB9}.Debug|Any CPU.Build.0 = Debug|Any CPU
		{31BE3650-F33B-467C-9276-623258DF7DB9}.Release|Any CPU.ActiveCfg = Release|Any CPU
		{31BE3650-F33B-467C-9276-623258DF7DB9}.Release|Any CPU.Build.0 = Release|Any CPU
		{3FA64241-4B03-422A-AC2B-DB699562351D}.Debug|Any CPU.ActiveCfg = Debug|Any CPU
		{3FA64241-4B03-422A-AC2B-DB699562351D}.Debug|Any CPU.Build.0 = Debug|Any CPU
		{3FA64241-4B03-422A-AC2B-DB699562351D}.Release|Any CPU.ActiveCfg = Release|Any CPU
		{3FA64241-4B03-422A-AC2B-DB699562351D}.Release|Any CPU.Build.0 = Release|Any CPU
		{1DB15B21-7993-4528-A6AE-AFC1FE74FE07}.Debug|Any CPU.ActiveCfg = Debug|Any CPU
		{1DB15B21-7993-4528-A6AE-AFC1FE74FE07}.Debug|Any CPU.Build.0 = Debug|Any CPU
		{1DB15B21-7993-4528-A6AE-AFC1FE74FE07}.Release|Any CPU.ActiveCfg = Release|Any CPU
		{1DB15B21-7993-4528-A6AE-AFC1FE74FE07}.Release|Any CPU.Build.0 = Release|Any CPU
		{2C3CEDDC-03C3-461A-A484-89D8812075BF}.Debug|Any CPU.ActiveCfg = Debug|Any CPU
		{2C3CEDDC-03C3-461A-A484-89D8812075BF}.Debug|Any CPU.Build.0 = Debug|Any CPU
		{2C3CEDDC-03C3-461A-A484-89D8812075BF}.Release|Any CPU.ActiveCfg = Release|Any CPU
		{2C3CEDDC-03C3-461A-A484-89D8812075BF}.Release|Any CPU.Build.0 = Release|Any CPU
		{FB319887-CE96-496D-BB75-14866A9850F8}.Debug|Any CPU.ActiveCfg = Debug|Any CPU
		{FB319887-CE96-496D-BB75-14866A9850F8}.Debug|Any CPU.Build.0 = Debug|Any CPU
		{FB319887-CE96-496D-BB75-14866A9850F8}.Release|Any CPU.ActiveCfg = Release|Any CPU
		{FB319887-CE96-496D-BB75-14866A9850F8}.Release|Any CPU.Build.0 = Release|Any CPU
		{875B73B7-44F3-4562-AB3C-0A8025C44499}.Debug|Any CPU.ActiveCfg = Debug|Any CPU
		{875B73B7-44F3-4562-AB3C-0A8025C44499}.Debug|Any CPU.Build.0 = Debug|Any CPU
		{875B73B7-44F3-4562-AB3C-0A8025C44499}.Release|Any CPU.ActiveCfg = Release|Any CPU
		{875B73B7-44F3-4562-AB3C-0A8025C44499}.Release|Any CPU.Build.0 = Release|Any CPU
		{B1262F36-B5FA-4178-BB3E-F46080802188}.Debug|Any CPU.ActiveCfg = Debug|Any CPU
		{B1262F36-B5FA-4178-BB3E-F46080802188}.Debug|Any CPU.Build.0 = Debug|Any CPU
		{B1262F36-B5FA-4178-BB3E-F46080802188}.Release|Any CPU.ActiveCfg = Release|Any CPU
		{B1262F36-B5FA-4178-BB3E-F46080802188}.Release|Any CPU.Build.0 = Release|Any CPU
		{51E51A57-1D1D-45E3-A89C-82A7F3B5DED6}.Debug|Any CPU.ActiveCfg = Debug|Any CPU
		{51E51A57-1D1D-45E3-A89C-82A7F3B5DED6}.Debug|Any CPU.Build.0 = Debug|Any CPU
		{51E51A57-1D1D-45E3-A89C-82A7F3B5DED6}.Release|Any CPU.ActiveCfg = Release|Any CPU
		{51E51A57-1D1D-45E3-A89C-82A7F3B5DED6}.Release|Any CPU.Build.0 = Release|Any CPU
		{87A379E2-030B-4904-86AF-3AB8C97E7834}.Debug|Any CPU.ActiveCfg = Debug|Any CPU
		{87A379E2-030B-4904-86AF-3AB8C97E7834}.Debug|Any CPU.Build.0 = Debug|Any CPU
		{87A379E2-030B-4904-86AF-3AB8C97E7834}.Release|Any CPU.ActiveCfg = Release|Any CPU
		{87A379E2-030B-4904-86AF-3AB8C97E7834}.Release|Any CPU.Build.0 = Release|Any CPU
		{130AAE24-F6E7-4C32-986E-CF170917D610}.Debug|Any CPU.ActiveCfg = Debug|Any CPU
		{130AAE24-F6E7-4C32-986E-CF170917D610}.Debug|Any CPU.Build.0 = Debug|Any CPU
		{130AAE24-F6E7-4C32-986E-CF170917D610}.Release|Any CPU.ActiveCfg = Release|Any CPU
		{130AAE24-F6E7-4C32-986E-CF170917D610}.Release|Any CPU.Build.0 = Release|Any CPU
		{FB2F14BC-6FEB-4025-853B-B0F2746E803B}.Debug|Any CPU.ActiveCfg = Debug|Any CPU
		{FB2F14BC-6FEB-4025-853B-B0F2746E803B}.Debug|Any CPU.Build.0 = Debug|Any CPU
		{FB2F14BC-6FEB-4025-853B-B0F2746E803B}.Release|Any CPU.ActiveCfg = Release|Any CPU
		{FB2F14BC-6FEB-4025-853B-B0F2746E803B}.Release|Any CPU.Build.0 = Release|Any CPU
		{43DBF4D6-9E30-4376-A7DF-EBF11522ACF4}.Debug|Any CPU.ActiveCfg = Debug|Any CPU
		{43DBF4D6-9E30-4376-A7DF-EBF11522ACF4}.Debug|Any CPU.Build.0 = Debug|Any CPU
		{43DBF4D6-9E30-4376-A7DF-EBF11522ACF4}.Release|Any CPU.ActiveCfg = Release|Any CPU
		{43DBF4D6-9E30-4376-A7DF-EBF11522ACF4}.Release|Any CPU.Build.0 = Release|Any CPU
		{9E981AB6-7BD8-4C89-AEEE-6D38965B1B70}.Debug|Any CPU.ActiveCfg = Debug|Any CPU
		{9E981AB6-7BD8-4C89-AEEE-6D38965B1B70}.Debug|Any CPU.Build.0 = Debug|Any CPU
		{9E981AB6-7BD8-4C89-AEEE-6D38965B1B70}.Release|Any CPU.ActiveCfg = Release|Any CPU
		{9E981AB6-7BD8-4C89-AEEE-6D38965B1B70}.Release|Any CPU.Build.0 = Release|Any CPU
		{182BCE59-7C27-465F-B808-FF354292911A}.Debug|Any CPU.ActiveCfg = Debug|Any CPU
		{182BCE59-7C27-465F-B808-FF354292911A}.Debug|Any CPU.Build.0 = Debug|Any CPU
		{182BCE59-7C27-465F-B808-FF354292911A}.Release|Any CPU.ActiveCfg = Release|Any CPU
		{182BCE59-7C27-465F-B808-FF354292911A}.Release|Any CPU.Build.0 = Release|Any CPU
		{0A46323A-4793-4FF6-8E11-5D4BC893369C}.Debug|Any CPU.ActiveCfg = Debug|Any CPU
		{0A46323A-4793-4FF6-8E11-5D4BC893369C}.Debug|Any CPU.Build.0 = Debug|Any CPU
		{0A46323A-4793-4FF6-8E11-5D4BC893369C}.Release|Any CPU.ActiveCfg = Release|Any CPU
		{0A46323A-4793-4FF6-8E11-5D4BC893369C}.Release|Any CPU.Build.0 = Release|Any CPU
		{B76E7876-42A8-465C-B553-197EAC1B7343}.Debug|Any CPU.ActiveCfg = Debug|Any CPU
		{B76E7876-42A8-465C-B553-197EAC1B7343}.Debug|Any CPU.Build.0 = Debug|Any CPU
		{B76E7876-42A8-465C-B553-197EAC1B7343}.Release|Any CPU.ActiveCfg = Release|Any CPU
		{B76E7876-42A8-465C-B553-197EAC1B7343}.Release|Any CPU.Build.0 = Release|Any CPU
		{532DC286-5204-4255-8A72-EBE1263FC9F8}.Debug|Any CPU.ActiveCfg = Debug|Any CPU
		{532DC286-5204-4255-8A72-EBE1263FC9F8}.Debug|Any CPU.Build.0 = Debug|Any CPU
		{532DC286-5204-4255-8A72-EBE1263FC9F8}.Release|Any CPU.ActiveCfg = Release|Any CPU
		{532DC286-5204-4255-8A72-EBE1263FC9F8}.Release|Any CPU.Build.0 = Release|Any CPU
		{C488DA48-1674-47FC-AC17-764A04FCADA7}.Debug|Any CPU.ActiveCfg = Debug|Any CPU
		{C488DA48-1674-47FC-AC17-764A04FCADA7}.Debug|Any CPU.Build.0 = Debug|Any CPU
		{C488DA48-1674-47FC-AC17-764A04FCADA7}.Release|Any CPU.ActiveCfg = Release|Any CPU
		{C488DA48-1674-47FC-AC17-764A04FCADA7}.Release|Any CPU.Build.0 = Release|Any CPU
	EndGlobalSection
	GlobalSection(SolutionProperties) = preSolution
		HideSolutionNode = FALSE
	EndGlobalSection
EndGlobal
